
Microsoft Visual Studio Solution File, Format Version 12.00
# Visual Studio Version 16
VisualStudioVersion = 17.0.31611.283
MinimumVisualStudioVersion = 10.0.40219.1
Project("{FAE04EC0-301F-11D3-BF4B-00C04F79EFBC}") = "TRViS", "TRViS\TRViS.csproj", "{06040C28-3B9C-4776-80AC-506F5A9F9DDC}"
EndProject
Project("{FAE04EC0-301F-11D3-BF4B-00C04F79EFBC}") = "TRViS.IO", "TRViS.IO\TRViS.IO.csproj", "{8AB8801E-A8DC-403E-8D1C-284B10FE6A3A}"
EndProject
Project("{FAE04EC0-301F-11D3-BF4B-00C04F79EFBC}") = "TRViS.IO.Tests", "TRViS.IO.Tests\TRViS.IO.Tests.csproj", "{39F34DB6-F6A8-4830-A2A0-A3F18C81C225}"
EndProject
Project("{FAE04EC0-301F-11D3-BF4B-00C04F79EFBC}") = "TRViS.LocationService", "TRViS.LocationService\TRViS.LocationService.csproj", "{7B07663D-D68A-4CFD-823B-EE07644FEA8F}"
EndProject
Project("{FAE04EC0-301F-11D3-BF4B-00C04F79EFBC}") = "TRViS.LocationService.Tests", "TRViS.LocationService.Tests\TRViS.LocationService.Tests.csproj", "{9E965886-84FE-499E-9C30-D17F707D5EF5}"
EndProject
Project("{FAE04EC0-301F-11D3-BF4B-00C04F79EFBC}") = "TRViS.NetworkSyncService", "TRViS.NetworkSyncService\TRViS.NetworkSyncService.csproj", "{D8194D4C-12F8-4C46-B000-D09ADB481FC9}"
EndProject
Project("{FAE04EC0-301F-11D3-BF4B-00C04F79EFBC}") = "TRViS.ILocationService", "TRViS.ILocationService\TRViS.ILocationService.csproj", "{28207655-7567-4844-86B8-E8C5B72F9EB6}"
EndProject
Project("{FAE04EC0-301F-11D3-BF4B-00C04F79EFBC}") = "TRViS.Core", "TRViS.Core\TRViS.Core.csproj", "{A1728114-0A73-49F0-A59F-AB9B0DD3DE1F}"
EndProject
Project("{FAE04EC0-301F-11D3-BF4B-00C04F79EFBC}") = "TRViS.DTAC.Logic", "TRViS.DTAC.Logic\TRViS.DTAC.Logic.csproj", "{D835FE19-ACA9-42A2-849D-65A9BF96CAAD}"
EndProject
Project("{FAE04EC0-301F-11D3-BF4B-00C04F79EFBC}") = "TRViS.TimetableService", "TRViS.TimetableService\TRViS.TimetableService.csproj", "{31AE7E6B-A52A-485A-BA9A-123136B01348}"
EndProject
Project("{FAE04EC0-301F-11D3-BF4B-00C04F79EFBC}") = "TRViS.Core.Tests", "TRViS.Core.Tests\TRViS.Core.Tests.csproj", "{11449BF5-EC5A-4AE0-9524-BAF206EB311B}"
EndProject
Project("{FAE04EC0-301F-11D3-BF4B-00C04F79EFBC}") = "TRViS.DTAC.Logic.Tests", "TRViS.DTAC.Logic.Tests\TRViS.DTAC.Logic.Tests.csproj", "{FF6CFCC8-3FD1-4FA0-BD9E-89C8844D9B94}"
EndProject
Project("{FAE04EC0-301F-11D3-BF4B-00C04F79EFBC}") = "TRViS.TimetableService.Tests", "TRViS.TimetableService.Tests\TRViS.TimetableService.Tests.csproj", "{B0F774C1-BA16-4A87-9414-2642D1013727}"
EndProject
Global
	GlobalSection(SolutionConfigurationPlatforms) = preSolution
		Debug|Any CPU = Debug|Any CPU
		Debug|x64 = Debug|x64
		Debug|x86 = Debug|x86
		Release|Any CPU = Release|Any CPU
		Release|x64 = Release|x64
		Release|x86 = Release|x86
	EndGlobalSection
	GlobalSection(ProjectConfigurationPlatforms) = postSolution
		{06040C28-3B9C-4776-80AC-506F5A9F9DDC}.Debug|Any CPU.ActiveCfg = Debug|Any CPU
		{06040C28-3B9C-4776-80AC-506F5A9F9DDC}.Debug|Any CPU.Build.0 = Debug|Any CPU
		{06040C28-3B9C-4776-80AC-506F5A9F9DDC}.Debug|Any CPU.Deploy.0 = Debug|Any CPU
		{06040C28-3B9C-4776-80AC-506F5A9F9DDC}.Debug|x64.ActiveCfg = Debug|Any CPU
		{06040C28-3B9C-4776-80AC-506F5A9F9DDC}.Debug|x64.Build.0 = Debug|Any CPU
		{06040C28-3B9C-4776-80AC-506F5A9F9DDC}.Debug|x86.ActiveCfg = Debug|Any CPU
		{06040C28-3B9C-4776-80AC-506F5A9F9DDC}.Debug|x86.Build.0 = Debug|Any CPU
		{06040C28-3B9C-4776-80AC-506F5A9F9DDC}.Release|Any CPU.ActiveCfg = Release|Any CPU
		{06040C28-3B9C-4776-80AC-506F5A9F9DDC}.Release|Any CPU.Build.0 = Release|Any CPU
		{06040C28-3B9C-4776-80AC-506F5A9F9DDC}.Release|Any CPU.Deploy.0 = Release|Any CPU
		{06040C28-3B9C-4776-80AC-506F5A9F9DDC}.Release|x64.ActiveCfg = Release|Any CPU
		{06040C28-3B9C-4776-80AC-506F5A9F9DDC}.Release|x64.Build.0 = Release|Any CPU
		{06040C28-3B9C-4776-80AC-506F5A9F9DDC}.Release|x86.ActiveCfg = Release|Any CPU
		{06040C28-3B9C-4776-80AC-506F5A9F9DDC}.Release|x86.Build.0 = Release|Any CPU
		{8AB8801E-A8DC-403E-8D1C-284B10FE6A3A}.Debug|Any CPU.ActiveCfg = Debug|Any CPU
		{8AB8801E-A8DC-403E-8D1C-284B10FE6A3A}.Debug|Any CPU.Build.0 = Debug|Any CPU
		{8AB8801E-A8DC-403E-8D1C-284B10FE6A3A}.Debug|x64.ActiveCfg = Debug|Any CPU
		{8AB8801E-A8DC-403E-8D1C-284B10FE6A3A}.Debug|x64.Build.0 = Debug|Any CPU
		{8AB8801E-A8DC-403E-8D1C-284B10FE6A3A}.Debug|x86.ActiveCfg = Debug|Any CPU
		{8AB8801E-A8DC-403E-8D1C-284B10FE6A3A}.Debug|x86.Build.0 = Debug|Any CPU
		{8AB8801E-A8DC-403E-8D1C-284B10FE6A3A}.Release|Any CPU.ActiveCfg = Release|Any CPU
		{8AB8801E-A8DC-403E-8D1C-284B10FE6A3A}.Release|Any CPU.Build.0 = Release|Any CPU
		{8AB8801E-A8DC-403E-8D1C-284B10FE6A3A}.Release|x64.ActiveCfg = Release|Any CPU
		{8AB8801E-A8DC-403E-8D1C-284B10FE6A3A}.Release|x64.Build.0 = Release|Any CPU
		{8AB8801E-A8DC-403E-8D1C-284B10FE6A3A}.Release|x86.ActiveCfg = Release|Any CPU
		{8AB8801E-A8DC-403E-8D1C-284B10FE6A3A}.Release|x86.Build.0 = Release|Any CPU
		{39F34DB6-F6A8-4830-A2A0-A3F18C81C225}.Debug|Any CPU.ActiveCfg = Debug|Any CPU
		{39F34DB6-F6A8-4830-A2A0-A3F18C81C225}.Debug|Any CPU.Build.0 = Debug|Any CPU
		{39F34DB6-F6A8-4830-A2A0-A3F18C81C225}.Debug|x64.ActiveCfg = Debug|Any CPU
		{39F34DB6-F6A8-4830-A2A0-A3F18C81C225}.Debug|x64.Build.0 = Debug|Any CPU
		{39F34DB6-F6A8-4830-A2A0-A3F18C81C225}.Debug|x86.ActiveCfg = Debug|Any CPU
		{39F34DB6-F6A8-4830-A2A0-A3F18C81C225}.Debug|x86.Build.0 = Debug|Any CPU
		{39F34DB6-F6A8-4830-A2A0-A3F18C81C225}.Release|Any CPU.ActiveCfg = Release|Any CPU
		{39F34DB6-F6A8-4830-A2A0-A3F18C81C225}.Release|Any CPU.Build.0 = Release|Any CPU
		{39F34DB6-F6A8-4830-A2A0-A3F18C81C225}.Release|x64.ActiveCfg = Release|Any CPU
		{39F34DB6-F6A8-4830-A2A0-A3F18C81C225}.Release|x64.Build.0 = Release|Any CPU
		{39F34DB6-F6A8-4830-A2A0-A3F18C81C225}.Release|x86.ActiveCfg = Release|Any CPU
		{39F34DB6-F6A8-4830-A2A0-A3F18C81C225}.Release|x86.Build.0 = Release|Any CPU
		{7B07663D-D68A-4CFD-823B-EE07644FEA8F}.Debug|Any CPU.ActiveCfg = Debug|Any CPU
		{7B07663D-D68A-4CFD-823B-EE07644FEA8F}.Debug|Any CPU.Build.0 = Debug|Any CPU
		{7B07663D-D68A-4CFD-823B-EE07644FEA8F}.Debug|x64.ActiveCfg = Debug|Any CPU
		{7B07663D-D68A-4CFD-823B-EE07644FEA8F}.Debug|x64.Build.0 = Debug|Any CPU
		{7B07663D-D68A-4CFD-823B-EE07644FEA8F}.Debug|x86.ActiveCfg = Debug|Any CPU
		{7B07663D-D68A-4CFD-823B-EE07644FEA8F}.Debug|x86.Build.0 = Debug|Any CPU
		{7B07663D-D68A-4CFD-823B-EE07644FEA8F}.Release|Any CPU.ActiveCfg = Release|Any CPU
		{7B07663D-D68A-4CFD-823B-EE07644FEA8F}.Release|Any CPU.Build.0 = Release|Any CPU
		{7B07663D-D68A-4CFD-823B-EE07644FEA8F}.Release|x64.ActiveCfg = Release|Any CPU
		{7B07663D-D68A-4CFD-823B-EE07644FEA8F}.Release|x64.Build.0 = Release|Any CPU
		{7B07663D-D68A-4CFD-823B-EE07644FEA8F}.Release|x86.ActiveCfg = Release|Any CPU
		{7B07663D-D68A-4CFD-823B-EE07644FEA8F}.Release|x86.Build.0 = Release|Any CPU
		{9E965886-84FE-499E-9C30-D17F707D5EF5}.Debug|Any CPU.ActiveCfg = Debug|Any CPU
		{9E965886-84FE-499E-9C30-D17F707D5EF5}.Debug|Any CPU.Build.0 = Debug|Any CPU
		{9E965886-84FE-499E-9C30-D17F707D5EF5}.Debug|x64.ActiveCfg = Debug|Any CPU
		{9E965886-84FE-499E-9C30-D17F707D5EF5}.Debug|x64.Build.0 = Debug|Any CPU
		{9E965886-84FE-499E-9C30-D17F707D5EF5}.Debug|x86.ActiveCfg = Debug|Any CPU
		{9E965886-84FE-499E-9C30-D17F707D5EF5}.Debug|x86.Build.0 = Debug|Any CPU
		{9E965886-84FE-499E-9C30-D17F707D5EF5}.Release|Any CPU.ActiveCfg = Release|Any CPU
		{9E965886-84FE-499E-9C30-D17F707D5EF5}.Release|Any CPU.Build.0 = Release|Any CPU
		{9E965886-84FE-499E-9C30-D17F707D5EF5}.Release|x64.ActiveCfg = Release|Any CPU
		{9E965886-84FE-499E-9C30-D17F707D5EF5}.Release|x64.Build.0 = Release|Any CPU
		{9E965886-84FE-499E-9C30-D17F707D5EF5}.Release|x86.ActiveCfg = Release|Any CPU
		{9E965886-84FE-499E-9C30-D17F707D5EF5}.Release|x86.Build.0 = Release|Any CPU
		{D8194D4C-12F8-4C46-B000-D09ADB481FC9}.Debug|Any CPU.ActiveCfg = Debug|Any CPU
		{D8194D4C-12F8-4C46-B000-D09ADB481FC9}.Debug|Any CPU.Build.0 = Debug|Any CPU
		{D8194D4C-12F8-4C46-B000-D09ADB481FC9}.Debug|x64.ActiveCfg = Debug|Any CPU
		{D8194D4C-12F8-4C46-B000-D09ADB481FC9}.Debug|x64.Build.0 = Debug|Any CPU
		{D8194D4C-12F8-4C46-B000-D09ADB481FC9}.Debug|x86.ActiveCfg = Debug|Any CPU
		{D8194D4C-12F8-4C46-B000-D09ADB481FC9}.Debug|x86.Build.0 = Debug|Any CPU
		{D8194D4C-12F8-4C46-B000-D09ADB481FC9}.Release|Any CPU.ActiveCfg = Release|Any CPU
		{D8194D4C-12F8-4C46-B000-D09ADB481FC9}.Release|Any CPU.Build.0 = Release|Any CPU
		{D8194D4C-12F8-4C46-B000-D09ADB481FC9}.Release|x64.ActiveCfg = Release|Any CPU
		{D8194D4C-12F8-4C46-B000-D09ADB481FC9}.Release|x64.Build.0 = Release|Any CPU
		{D8194D4C-12F8-4C46-B000-D09ADB481FC9}.Release|x86.ActiveCfg = Release|Any CPU
		{D8194D4C-12F8-4C46-B000-D09ADB481FC9}.Release|x86.Build.0 = Release|Any CPU
		{28207655-7567-4844-86B8-E8C5B72F9EB6}.Debug|Any CPU.ActiveCfg = Debug|Any CPU
		{28207655-7567-4844-86B8-E8C5B72F9EB6}.Debug|Any CPU.Build.0 = Debug|Any CPU
		{28207655-7567-4844-86B8-E8C5B72F9EB6}.Debug|x64.ActiveCfg = Debug|Any CPU
		{28207655-7567-4844-86B8-E8C5B72F9EB6}.Debug|x64.Build.0 = Debug|Any CPU
		{28207655-7567-4844-86B8-E8C5B72F9EB6}.Debug|x86.ActiveCfg = Debug|Any CPU
		{28207655-7567-4844-86B8-E8C5B72F9EB6}.Debug|x86.Build.0 = Debug|Any CPU
		{28207655-7567-4844-86B8-E8C5B72F9EB6}.Release|Any CPU.ActiveCfg = Release|Any CPU
		{28207655-7567-4844-86B8-E8C5B72F9EB6}.Release|Any CPU.Build.0 = Release|Any CPU
		{28207655-7567-4844-86B8-E8C5B72F9EB6}.Release|x64.ActiveCfg = Release|Any CPU
		{28207655-7567-4844-86B8-E8C5B72F9EB6}.Release|x64.Build.0 = Release|Any CPU
		{28207655-7567-4844-86B8-E8C5B72F9EB6}.Release|x86.ActiveCfg = Release|Any CPU
		{28207655-7567-4844-86B8-E8C5B72F9EB6}.Release|x86.Build.0 = Release|Any CPU
		{A1728114-0A73-49F0-A59F-AB9B0DD3DE1F}.Debug|Any CPU.ActiveCfg = Debug|Any CPU
		{A1728114-0A73-49F0-A59F-AB9B0DD3DE1F}.Debug|Any CPU.Build.0 = Debug|Any CPU
		{A1728114-0A73-49F0-A59F-AB9B0DD3DE1F}.Debug|x64.ActiveCfg = Debug|Any CPU
		{A1728114-0A73-49F0-A59F-AB9B0DD3DE1F}.Debug|x64.Build.0 = Debug|Any CPU
		{A1728114-0A73-49F0-A59F-AB9B0DD3DE1F}.Debug|x86.ActiveCfg = Debug|Any CPU
		{A1728114-0A73-49F0-A59F-AB9B0DD3DE1F}.Debug|x86.Build.0 = Debug|Any CPU
		{A1728114-0A73-49F0-A59F-AB9B0DD3DE1F}.Release|Any CPU.ActiveCfg = Release|Any CPU
		{A1728114-0A73-49F0-A59F-AB9B0DD3DE1F}.Release|Any CPU.Build.0 = Release|Any CPU
		{A1728114-0A73-49F0-A59F-AB9B0DD3DE1F}.Release|x64.ActiveCfg = Release|Any CPU
		{A1728114-0A73-49F0-A59F-AB9B0DD3DE1F}.Release|x64.Build.0 = Release|Any CPU
		{A1728114-0A73-49F0-A59F-AB9B0DD3DE1F}.Release|x86.ActiveCfg = Release|Any CPU
		{A1728114-0A73-49F0-A59F-AB9B0DD3DE1F}.Release|x86.Build.0 = Release|Any CPU
		{D835FE19-ACA9-42A2-849D-65A9BF96CAAD}.Debug|Any CPU.ActiveCfg = Debug|Any CPU
		{D835FE19-ACA9-42A2-849D-65A9BF96CAAD}.Debug|Any CPU.Build.0 = Debug|Any CPU
		{D835FE19-ACA9-42A2-849D-65A9BF96CAAD}.Debug|x64.ActiveCfg = Debug|Any CPU
		{D835FE19-ACA9-42A2-849D-65A9BF96CAAD}.Debug|x64.Build.0 = Debug|Any CPU
		{D835FE19-ACA9-42A2-849D-65A9BF96CAAD}.Debug|x86.ActiveCfg = Debug|Any CPU
		{D835FE19-ACA9-42A2-849D-65A9BF96CAAD}.Debug|x86.Build.0 = Debug|Any CPU
		{D835FE19-ACA9-42A2-849D-65A9BF96CAAD}.Release|Any CPU.ActiveCfg = Release|Any CPU
		{D835FE19-ACA9-42A2-849D-65A9BF96CAAD}.Release|Any CPU.Build.0 = Release|Any CPU
		{D835FE19-ACA9-42A2-849D-65A9BF96CAAD}.Release|x64.ActiveCfg = Release|Any CPU
		{D835FE19-ACA9-42A2-849D-65A9BF96CAAD}.Release|x64.Build.0 = Release|Any CPU
		{D835FE19-ACA9-42A2-849D-65A9BF96CAAD}.Release|x86.ActiveCfg = Release|Any CPU
		{D835FE19-ACA9-42A2-849D-65A9BF96CAAD}.Release|x86.Build.0 = Release|Any CPU
		{31AE7E6B-A52A-485A-BA9A-123136B01348}.Debug|Any CPU.ActiveCfg = Debug|Any CPU
		{31AE7E6B-A52A-485A-BA9A-123136B01348}.Debug|Any CPU.Build.0 = Debug|Any CPU
		{31AE7E6B-A52A-485A-BA9A-123136B01348}.Debug|x64.ActiveCfg = Debug|Any CPU
		{31AE7E6B-A52A-485A-BA9A-123136B01348}.Debug|x64.Build.0 = Debug|Any CPU
		{31AE7E6B-A52A-485A-BA9A-123136B01348}.Debug|x86.ActiveCfg = Debug|Any CPU
		{31AE7E6B-A52A-485A-BA9A-123136B01348}.Debug|x86.Build.0 = Debug|Any CPU
		{31AE7E6B-A52A-485A-BA9A-123136B01348}.Release|Any CPU.ActiveCfg = Release|Any CPU
		{31AE7E6B-A52A-485A-BA9A-123136B01348}.Release|Any CPU.Build.0 = Release|Any CPU
		{31AE7E6B-A52A-485A-BA9A-123136B01348}.Release|x64.ActiveCfg = Release|Any CPU
		{31AE7E6B-A52A-485A-BA9A-123136B01348}.Release|x64.Build.0 = Release|Any CPU
		{31AE7E6B-A52A-485A-BA9A-123136B01348}.Release|x86.ActiveCfg = Release|Any CPU
		{31AE7E6B-A52A-485A-BA9A-123136B01348}.Release|x86.Build.0 = Release|Any CPU
		{11449BF5-EC5A-4AE0-9524-BAF206EB311B}.Debug|Any CPU.ActiveCfg = Debug|Any CPU
		{11449BF5-EC5A-4AE0-9524-BAF206EB311B}.Debug|Any CPU.Build.0 = Debug|Any CPU
		{11449BF5-EC5A-4AE0-9524-BAF206EB311B}.Debug|x64.ActiveCfg = Debug|Any CPU
		{11449BF5-EC5A-4AE0-9524-BAF206EB311B}.Debug|x64.Build.0 = Debug|Any CPU
		{11449BF5-EC5A-4AE0-9524-BAF206EB311B}.Debug|x86.ActiveCfg = Debug|Any CPU
		{11449BF5-EC5A-4AE0-9524-BAF206EB311B}.Debug|x86.Build.0 = Debug|Any CPU
		{11449BF5-EC5A-4AE0-9524-BAF206EB311B}.Release|Any CPU.ActiveCfg = Release|Any CPU
		{11449BF5-EC5A-4AE0-9524-BAF206EB311B}.Release|Any CPU.Build.0 = Release|Any CPU
		{11449BF5-EC5A-4AE0-9524-BAF206EB311B}.Release|x64.ActiveCfg = Release|Any CPU
		{11449BF5-EC5A-4AE0-9524-BAF206EB311B}.Release|x64.Build.0 = Release|Any CPU
		{11449BF5-EC5A-4AE0-9524-BAF206EB311B}.Release|x86.ActiveCfg = Release|Any CPU
		{11449BF5-EC5A-4AE0-9524-BAF206EB311B}.Release|x86.Build.0 = Release|Any CPU
		{FF6CFCC8-3FD1-4FA0-BD9E-89C8844D9B94}.Debug|Any CPU.ActiveCfg = Debug|Any CPU
		{FF6CFCC8-3FD1-4FA0-BD9E-89C8844D9B94}.Debug|Any CPU.Build.0 = Debug|Any CPU
		{FF6CFCC8-3FD1-4FA0-BD9E-89C8844D9B94}.Debug|x64.ActiveCfg = Debug|Any CPU
		{FF6CFCC8-3FD1-4FA0-BD9E-89C8844D9B94}.Debug|x64.Build.0 = Debug|Any CPU
		{FF6CFCC8-3FD1-4FA0-BD9E-89C8844D9B94}.Debug|x86.ActiveCfg = Debug|Any CPU
		{FF6CFCC8-3FD1-4FA0-BD9E-89C8844D9B94}.Debug|x86.Build.0 = Debug|Any CPU
		{FF6CFCC8-3FD1-4FA0-BD9E-89C8844D9B94}.Release|Any CPU.ActiveCfg = Release|Any CPU
		{FF6CFCC8-3FD1-4FA0-BD9E-89C8844D9B94}.Release|Any CPU.Build.0 = Release|Any CPU
		{FF6CFCC8-3FD1-4FA0-BD9E-89C8844D9B94}.Release|x64.ActiveCfg = Release|Any CPU
		{FF6CFCC8-3FD1-4FA0-BD9E-89C8844D9B94}.Release|x64.Build.0 = Release|Any CPU
		{FF6CFCC8-3FD1-4FA0-BD9E-89C8844D9B94}.Release|x86.ActiveCfg = Release|Any CPU
		{FF6CFCC8-3FD1-4FA0-BD9E-89C8844D9B94}.Release|x86.Build.0 = Release|Any CPU
		{B0F774C1-BA16-4A87-9414-2642D1013727}.Debug|Any CPU.ActiveCfg = Debug|Any CPU
		{B0F774C1-BA16-4A87-9414-2642D1013727}.Debug|Any CPU.Build.0 = Debug|Any CPU
		{B0F774C1-BA16-4A87-9414-2642D1013727}.Debug|x64.ActiveCfg = Debug|Any CPU
		{B0F774C1-BA16-4A87-9414-2642D1013727}.Debug|x64.Build.0 = Debug|Any CPU
		{B0F774C1-BA16-4A87-9414-2642D1013727}.Debug|x86.ActiveCfg = Debug|Any CPU
		{B0F774C1-BA16-4A87-9414-2642D1013727}.Debug|x86.Build.0 = Debug|Any CPU
		{B0F774C1-BA16-4A87-9414-2642D1013727}.Release|Any CPU.ActiveCfg = Release|Any CPU
		{B0F774C1-BA16-4A87-9414-2642D1013727}.Release|Any CPU.Build.0 = Release|Any CPU
		{B0F774C1-BA16-4A87-9414-2642D1013727}.Release|x64.ActiveCfg = Release|Any CPU
		{B0F774C1-BA16-4A87-9414-2642D1013727}.Release|x64.Build.0 = Release|Any CPU
		{B0F774C1-BA16-4A87-9414-2642D1013727}.Release|x86.ActiveCfg = Release|Any CPU
		{B0F774C1-BA16-4A87-9414-2642D1013727}.Release|x86.Build.0 = Release|Any CPU
	EndGlobalSection
	GlobalSection(SolutionProperties) = preSolution
		HideSolutionNode = FALSE
	EndGlobalSection
	GlobalSection(ExtensibilityGlobals) = postSolution
		SolutionGuid = {61F7FB11-1E47-470C-91E2-47F8143E1572}
	EndGlobalSection
EndGlobal
