
Microsoft Visual Studio Solution File, Format Version 12.00
# Visual Studio Version 16
VisualStudioVersion = 17.0.31611.283
MinimumVisualStudioVersion = 10.0.40219.1
Project("{FAE04EC0-301F-11D3-BF4B-00C04F79EFBC}") = "TRViS", "TRViS\TRViS.csproj", "{06040C28-3B9C-4776-80AC-506F5A9F9DDC}"
EndProject
Project("{FAE04EC0-301F-11D3-BF4B-00C04F79EFBC}") = "TRViS.IO", "TRViS.IO\TRViS.IO.csproj", "{8AB8801E-A8DC-403E-8D1C-284B10FE6A3A}"
EndProject
Project("{FAE04EC0-301F-11D3-BF4B-00C04F79EFBC}") = "TRViS.IO.Tests", "TRViS.IO.Tests\TRViS.IO.Tests.csproj", "{39F34DB6-F6A8-4830-A2A0-A3F18C81C225}"
EndProject
Project("{FAE04EC0-301F-11D3-BF4B-00C04F79EFBC}") = "TRViS.LocationService", "TRViS.LocationService\TRViS.LocationService.csproj", "{7B07663D-D68A-4CFD-823B-EE07644FEA8F}"
EndProject
Project("{FAE04EC0-301F-11D3-BF4B-00C04F79EFBC}") = "TRViS.LocationService.Tests", "TRViS.LocationService.Tests\TRViS.LocationService.Tests.csproj", "{9E965886-84FE-499E-9C30-D17F707D5EF5}"
EndProject
Project("{FAE04EC0-301F-11D3-BF4B-00C04F79EFBC}") = "TRViS.NetworkSyncService", "TRViS.NetworkSyncService\TRViS.NetworkSyncService.csproj", "{D8194D4C-12F8-4C46-B000-D09ADB481FC9}"
EndProject
Project("{FAE04EC0-301F-11D3-BF4B-00C04F79EFBC}") = "TRViS.ILocationService", "TRViS.ILocationService\TRViS.ILocationService.csproj", "{28207655-7567-4844-86B8-E8C5B72F9EB6}"
EndProject
Project("{FAE04EC0-301F-11D3-BF4B-00C04F79EFBC}") = "TRViS.IO.ILoader", "TRViS.IO.ILoader\TRViS.IO.ILoader.csproj", "{99DAE4CF-5E6E-46BB-980B-D4F58076AE6A}"
EndProject
Global
	GlobalSection(SolutionConfigurationPlatforms) = preSolution
		Debug|Any CPU = Debug|Any CPU
		Debug|x64 = Debug|x64
		Debug|x86 = Debug|x86
		Release|Any CPU = Release|Any CPU
		Release|x64 = Release|x64
		Release|x86 = Release|x86
	EndGlobalSection
	GlobalSection(ProjectConfigurationPlatforms) = postSolution
		{06040C28-3B9C-4776-80AC-506F5A9F9DDC}.Debug|Any CPU.ActiveCfg = Debug|Any CPU
		{06040C28-3B9C-4776-80AC-506F5A9F9DDC}.Debug|Any CPU.Build.0 = Debug|Any CPU
		{06040C28-3B9C-4776-80AC-506F5A9F9DDC}.Debug|Any CPU.Deploy.0 = Debug|Any CPU
		{06040C28-3B9C-4776-80AC-506F5A9F9DDC}.Debug|x64.ActiveCfg = Debug|Any CPU
		{06040C28-3B9C-4776-80AC-506F5A9F9DDC}.Debug|x64.Build.0 = Debug|Any CPU
		{06040C28-3B9C-4776-80AC-506F5A9F9DDC}.Debug|x86.ActiveCfg = Debug|Any CPU
		{06040C28-3B9C-4776-80AC-506F5A9F9DDC}.Debug|x86.Build.0 = Debug|Any CPU
		{06040C28-3B9C-4776-80AC-506F5A9F9DDC}.Release|Any CPU.ActiveCfg = Release|Any CPU
		{06040C28-3B9C-4776-80AC-506F5A9F9DDC}.Release|Any CPU.Build.0 = Release|Any CPU
		{06040C28-3B9C-4776-80AC-506F5A9F9DDC}.Release|Any CPU.Deploy.0 = Release|Any CPU
		{06040C28-3B9C-4776-80AC-506F5A9F9DDC}.Release|x64.ActiveCfg = Release|Any CPU
		{06040C28-3B9C-4776-80AC-506F5A9F9DDC}.Release|x64.Build.0 = Release|Any CPU
		{06040C28-3B9C-4776-80AC-506F5A9F9DDC}.Release|x86.ActiveCfg = Release|Any CPU
		{06040C28-3B9C-4776-80AC-506F5A9F9DDC}.Release|x86.Build.0 = Release|Any CPU
		{8AB8801E-A8DC-403E-8D1C-284B10FE6A3A}.Debug|Any CPU.ActiveCfg = Debug|Any CPU
		{8AB8801E-A8DC-403E-8D1C-284B10FE6A3A}.Debug|Any CPU.Build.0 = Debug|Any CPU
		{8AB8801E-A8DC-403E-8D1C-284B10FE6A3A}.Debug|x64.ActiveCfg = Debug|Any CPU
		{8AB8801E-A8DC-403E-8D1C-284B10FE6A3A}.Debug|x64.Build.0 = Debug|Any CPU
		{8AB8801E-A8DC-403E-8D1C-284B10FE6A3A}.Debug|x86.ActiveCfg = Debug|Any CPU
		{8AB8801E-A8DC-403E-8D1C-284B10FE6A3A}.Debug|x86.Build.0 = Debug|Any CPU
		{8AB8801E-A8DC-403E-8D1C-284B10FE6A3A}.Release|Any CPU.ActiveCfg = Release|Any CPU
		{8AB8801E-A8DC-403E-8D1C-284B10FE6A3A}.Release|Any CPU.Build.0 = Release|Any CPU
		{8AB8801E-A8DC-403E-8D1C-284B10FE6A3A}.Release|x64.ActiveCfg = Release|Any CPU
		{8AB8801E-A8DC-403E-8D1C-284B10FE6A3A}.Release|x64.Build.0 = Release|Any CPU
		{8AB8801E-A8DC-403E-8D1C-284B10FE6A3A}.Release|x86.ActiveCfg = Release|Any CPU
		{8AB8801E-A8DC-403E-8D1C-284B10FE6A3A}.Release|x86.Build.0 = Release|Any CPU
		{39F34DB6-F6A8-4830-A2A0-A3F18C81C225}.Debug|Any CPU.ActiveCfg = Debug|Any CPU
		{39F34DB6-F6A8-4830-A2A0-A3F18C81C225}.Debug|Any CPU.Build.0 = Debug|Any CPU
		{39F34DB6-F6A8-4830-A2A0-A3F18C81C225}.Debug|x64.ActiveCfg = Debug|Any CPU
		{39F34DB6-F6A8-4830-A2A0-A3F18C81C225}.Debug|x64.Build.0 = Debug|Any CPU
		{39F34DB6-F6A8-4830-A2A0-A3F18C81C225}.Debug|x86.ActiveCfg = Debug|Any CPU
		{39F34DB6-F6A8-4830-A2A0-A3F18C81C225}.Debug|x86.Build.0 = Debug|Any CPU
		{39F34DB6-F6A8-4830-A2A0-A3F18C81C225}.Release|Any CPU.ActiveCfg = Release|Any CPU
		{39F34DB6-F6A8-4830-A2A0-A3F18C81C225}.Release|Any CPU.Build.0 = Release|Any CPU
		{39F34DB6-F6A8-4830-A2A0-A3F18C81C225}.Release|x64.ActiveCfg = Release|Any CPU
		{39F34DB6-F6A8-4830-A2A0-A3F18C81C225}.Release|x64.Build.0 = Release|Any CPU
		{39F34DB6-F6A8-4830-A2A0-A3F18C81C225}.Release|x86.ActiveCfg = Release|Any CPU
		{39F34DB6-F6A8-4830-A2A0-A3F18C81C225}.Release|x86.Build.0 = Release|Any CPU
		{7B07663D-D68A-4CFD-823B-EE07644FEA8F}.Debug|Any CPU.ActiveCfg = Debug|Any CPU
		{7B07663D-D68A-4CFD-823B-EE07644FEA8F}.Debug|Any CPU.Build.0 = Debug|Any CPU
		{7B07663D-D68A-4CFD-823B-EE07644FEA8F}.Debug|x64.ActiveCfg = Debug|Any CPU
		{7B07663D-D68A-4CFD-823B-EE07644FEA8F}.Debug|x64.Build.0 = Debug|Any CPU
		{7B07663D-D68A-4CFD-823B-EE07644FEA8F}.Debug|x86.ActiveCfg = Debug|Any CPU
		{7B07663D-D68A-4CFD-823B-EE07644FEA8F}.Debug|x86.Build.0 = Debug|Any CPU
		{7B07663D-D68A-4CFD-823B-EE07644FEA8F}.Release|Any CPU.ActiveCfg = Release|Any CPU
		{7B07663D-D68A-4CFD-823B-EE07644FEA8F}.Release|Any CPU.Build.0 = Release|Any CPU
		{7B07663D-D68A-4CFD-823B-EE07644FEA8F}.Release|x64.ActiveCfg = Release|Any CPU
		{7B07663D-D68A-4CFD-823B-EE07644FEA8F}.Release|x64.Build.0 = Release|Any CPU
		{7B07663D-D68A-4CFD-823B-EE07644FEA8F}.Release|x86.ActiveCfg = Release|Any CPU
		{7B07663D-D68A-4CFD-823B-EE07644FEA8F}.Release|x86.Build.0 = Release|Any CPU
		{9E965886-84FE-499E-9C30-D17F707D5EF5}.Debug|Any CPU.ActiveCfg = Debug|Any CPU
		{9E965886-84FE-499E-9C30-D17F707D5EF5}.Debug|Any CPU.Build.0 = Debug|Any CPU
		{9E965886-84FE-499E-9C30-D17F707D5EF5}.Debug|x64.ActiveCfg = Debug|Any CPU
		{9E965886-84FE-499E-9C30-D17F707D5EF5}.Debug|x64.Build.0 = Debug|Any CPU
		{9E965886-84FE-499E-9C30-D17F707D5EF5}.Debug|x86.ActiveCfg = Debug|Any CPU
		{9E965886-84FE-499E-9C30-D17F707D5EF5}.Debug|x86.Build.0 = Debug|Any CPU
		{9E965886-84FE-499E-9C30-D17F707D5EF5}.Release|Any CPU.ActiveCfg = Release|Any CPU
		{9E965886-84FE-499E-9C30-D17F707D5EF5}.Release|Any CPU.Build.0 = Release|Any CPU
		{9E965886-84FE-499E-9C30-D17F707D5EF5}.Release|x64.ActiveCfg = Release|Any CPU
		{9E965886-84FE-499E-9C30-D17F707D5EF5}.Release|x64.Build.0 = Release|Any CPU
		{9E965886-84FE-499E-9C30-D17F707D5EF5}.Release|x86.ActiveCfg = Release|Any CPU
		{9E965886-84FE-499E-9C30-D17F707D5EF5}.Release|x86.Build.0 = Release|Any CPU
		{D8194D4C-12F8-4C46-B000-D09ADB481FC9}.Debug|Any CPU.ActiveCfg = Debug|Any CPU
		{D8194D4C-12F8-4C46-B000-D09ADB481FC9}.Debug|Any CPU.Build.0 = Debug|Any CPU
		{D8194D4C-12F8-4C46-B000-D09ADB481FC9}.Debug|x64.ActiveCfg = Debug|Any CPU
		{D8194D4C-12F8-4C46-B000-D09ADB481FC9}.Debug|x64.Build.0 = Debug|Any CPU
		{D8194D4C-12F8-4C46-B000-D09ADB481FC9}.Debug|x86.ActiveCfg = Debug|Any CPU
		{D8194D4C-12F8-4C46-B000-D09ADB481FC9}.Debug|x86.Build.0 = Debug|Any CPU
		{D8194D4C-12F8-4C46-B000-D09ADB481FC9}.Release|Any CPU.ActiveCfg = Release|Any CPU
		{D8194D4C-12F8-4C46-B000-D09ADB481FC9}.Release|Any CPU.Build.0 = Release|Any CPU
		{D8194D4C-12F8-4C46-B000-D09ADB481FC9}.Release|x64.ActiveCfg = Release|Any CPU
		{D8194D4C-12F8-4C46-B000-D09ADB481FC9}.Release|x64.Build.0 = Release|Any CPU
		{D8194D4C-12F8-4C46-B000-D09ADB481FC9}.Release|x86.ActiveCfg = Release|Any CPU
		{D8194D4C-12F8-4C46-B000-D09ADB481FC9}.Release|x86.Build.0 = Release|Any CPU
		{28207655-7567-4844-86B8-E8C5B72F9EB6}.Debug|Any CPU.ActiveCfg = Debug|Any CPU
		{28207655-7567-4844-86B8-E8C5B72F9EB6}.Debug|Any CPU.Build.0 = Debug|Any CPU
		{28207655-7567-4844-86B8-E8C5B72F9EB6}.Debug|x64.ActiveCfg = Debug|Any CPU
		{28207655-7567-4844-86B8-E8C5B72F9EB6}.Debug|x64.Build.0 = Debug|Any CPU
		{28207655-7567-4844-86B8-E8C5B72F9EB6}.Debug|x86.ActiveCfg = Debug|Any CPU
		{28207655-7567-4844-86B8-E8C5B72F9EB6}.Debug|x86.Build.0 = Debug|Any CPU
		{28207655-7567-4844-86B8-E8C5B72F9EB6}.Release|Any CPU.ActiveCfg = Release|Any CPU
		{28207655-7567-4844-86B8-E8C5B72F9EB6}.Release|Any CPU.Build.0 = Release|Any CPU
		{28207655-7567-4844-86B8-E8C5B72F9EB6}.Release|x64.ActiveCfg = Release|Any CPU
		{28207655-7567-4844-86B8-E8C5B72F9EB6}.Release|x64.Build.0 = Release|Any CPU
		{28207655-7567-4844-86B8-E8C5B72F9EB6}.Release|x86.ActiveCfg = Release|Any CPU
		{28207655-7567-4844-86B8-E8C5B72F9EB6}.Release|x86.Build.0 = Release|Any CPU
		{99DAE4CF-5E6E-46BB-980B-D4F58076AE6A}.Debug|Any CPU.ActiveCfg = Debug|Any CPU
		{99DAE4CF-5E6E-46BB-980B-D4F58076AE6A}.Debug|Any CPU.Build.0 = Debug|Any CPU
		{99DAE4CF-5E6E-46BB-980B-D4F58076AE6A}.Debug|x64.ActiveCfg = Debug|Any CPU
		{99DAE4CF-5E6E-46BB-980B-D4F58076AE6A}.Debug|x64.Build.0 = Debug|Any CPU
		{99DAE4CF-5E6E-46BB-980B-D4F58076AE6A}.Debug|x86.ActiveCfg = Debug|Any CPU
		{99DAE4CF-5E6E-46BB-980B-D4F58076AE6A}.Debug|x86.Build.0 = Debug|Any CPU
		{99DAE4CF-5E6E-46BB-980B-D4F58076AE6A}.Release|Any CPU.ActiveCfg = Release|Any CPU
		{99DAE4CF-5E6E-46BB-980B-D4F58076AE6A}.Release|Any CPU.Build.0 = Release|Any CPU
		{99DAE4CF-5E6E-46BB-980B-D4F58076AE6A}.Release|x64.ActiveCfg = Release|Any CPU
		{99DAE4CF-5E6E-46BB-980B-D4F58076AE6A}.Release|x64.Build.0 = Release|Any CPU
		{99DAE4CF-5E6E-46BB-980B-D4F58076AE6A}.Release|x86.ActiveCfg = Release|Any CPU
		{99DAE4CF-5E6E-46BB-980B-D4F58076AE6A}.Release|x86.Build.0 = Release|Any CPU
	EndGlobalSection
	GlobalSection(SolutionProperties) = preSolution
		HideSolutionNode = FALSE
	EndGlobalSection
	GlobalSection(ExtensibilityGlobals) = postSolution
		SolutionGuid = {61F7FB11-1E47-470C-91E2-47F8143E1572}
	EndGlobalSection
EndGlobal
