
Microsoft Visual Studio Solution File, Format Version 12.00
# Visual Studio Version 16
VisualStudioVersion = 17.0.31611.283
MinimumVisualStudioVersion = 10.0.40219.1
Project("{FAE04EC0-301F-11D3-BF4B-00C04F79EFBC}") = "TRViS", "TRViS\TRViS.csproj", "{06040C28-3B9C-4776-80AC-506F5A9F9DDC}"
EndProject
Project("{FAE04EC0-301F-11D3-BF4B-00C04F79EFBC}") = "TRViS.IO", "TRViS.IO\TRViS.IO.csproj", "{8AB8801E-A8DC-403E-8D1C-284B10FE6A3A}"
EndProject
Project("{FAE04EC0-301F-11D3-BF4B-00C04F79EFBC}") = "TRViS.IO.Tests", "TRViS.IO.Tests\TRViS.IO.Tests.csproj", "{39F34DB6-F6A8-4830-A2A0-A3F18C81C225}"
EndProject
Global
	GlobalSection(SolutionConfigurationPlatforms) = preSolution
		Debug|Any CPU = Debug|Any CPU
		Release|Any CPU = Release|Any CPU
	EndGlobalSection
	GlobalSection(ProjectConfigurationPlatforms) = postSolution
		{06040C28-3B9C-4776-80AC-506F5A9F9DDC}.Debug|Any CPU.ActiveCfg = Debug|Any CPU
		{06040C28-3B9C-4776-80AC-506F5A9F9DDC}.Debug|Any CPU.Build.0 = Debug|Any CPU
		{06040C28-3B9C-4776-80AC-506F5A9F9DDC}.Debug|Any CPU.Deploy.0 = Debug|Any CPU
		{06040C28-3B9C-4776-80AC-506F5A9F9DDC}.Release|Any CPU.ActiveCfg = Release|Any CPU
		{06040C28-3B9C-4776-80AC-506F5A9F9DDC}.Release|Any CPU.Build.0 = Release|Any CPU
		{06040C28-3B9C-4776-80AC-506F5A9F9DDC}.Release|Any CPU.Deploy.0 = Release|Any CPU
		{8AB8801E-A8DC-403E-8D1C-284B10FE6A3A}.Debug|Any CPU.ActiveCfg = Debug|Any CPU
		{8AB8801E-A8DC-403E-8D1C-284B10FE6A3A}.Debug|Any CPU.Build.0 = Debug|Any CPU
		{8AB8801E-A8DC-403E-8D1C-284B10FE6A3A}.Release|Any CPU.ActiveCfg = Release|Any CPU
		{8AB8801E-A8DC-403E-8D1C-284B10FE6A3A}.Release|Any CPU.Build.0 = Release|Any CPU
		{39F34DB6-F6A8-4830-A2A0-A3F18C81C225}.Debug|Any CPU.ActiveCfg = Debug|Any CPU
		{39F34DB6-F6A8-4830-A2A0-A3F18C81C225}.Debug|Any CPU.Build.0 = Debug|Any CPU
		{39F34DB6-F6A8-4830-A2A0-A3F18C81C225}.Release|Any CPU.ActiveCfg = Release|Any CPU
		{39F34DB6-F6A8-4830-A2A0-A3F18C81C225}.Release|Any CPU.Build.0 = Release|Any CPU
	EndGlobalSection
	GlobalSection(SolutionProperties) = preSolution
		HideSolutionNode = FALSE
	EndGlobalSection
	GlobalSection(ExtensibilityGlobals) = postSolution
		SolutionGuid = {61F7FB11-1E47-470C-91E2-47F8143E1572}
	EndGlobalSection
EndGlobal
